// !$*UTF8*$!
{
	archiveVersion = 1;
	classes = {
	};
	objectVersion = 52;
	objects = {

/* Begin PBXBuildFile section */
		571A13D3252FED06007972E3 /* List.swift in Sources */ = {isa = PBXBuildFile; fileRef = 571A13D2252FED06007972E3 /* List.swift */; };
		571A13D6252FED48007972E3 /* Assets.swift in Sources */ = {isa = PBXBuildFile; fileRef = 571A13D5252FED48007972E3 /* Assets.swift */; };
		571A13DB252FEE7D007972E3 /* Version.swift in Sources */ = {isa = PBXBuildFile; fileRef = 571A13DA252FEE7D007972E3 /* Version.swift */; };
		571A13DF252FEF30007972E3 /* Credentials.swift in Sources */ = {isa = PBXBuildFile; fileRef = 571A13DE252FEF30007972E3 /* Credentials.swift */; };
		5726A938253012340002F814 /* Data+Extension.swift in Sources */ = {isa = PBXBuildFile; fileRef = 5726A937253012340002F814 /* Data+Extension.swift */; };
		57380E6F252F1EAA00A32C52 /* main.swift in Sources */ = {isa = PBXBuildFile; fileRef = 57380E6E252F1EAA00A32C52 /* main.swift */; };
		57380E85252F1FAE00A32C52 /* KeychainAccess in Frameworks */ = {isa = PBXBuildFile; productRef = 57380E84252F1FAE00A32C52 /* KeychainAccess */; };
		57380E8A252F1FF900A32C52 /* Download.swift in Sources */ = {isa = PBXBuildFile; fileRef = 57380E78252F1F4100A32C52 /* Download.swift */; };
		57380E8C252F200A00A32C52 /* Release.swift in Sources */ = {isa = PBXBuildFile; fileRef = 57380E7D252F1F4100A32C52 /* Release.swift */; };
		57380E8D252F200A00A32C52 /* DownloadLink.swift in Sources */ = {isa = PBXBuildFile; fileRef = 57380E7C252F1F4100A32C52 /* DownloadLink.swift */; };
		57380E8E252F200A00A32C52 /* HTTP.swift in Sources */ = {isa = PBXBuildFile; fileRef = 57380E79252F1F4100A32C52 /* HTTP.swift */; };
		57380E90252F200A00A32C52 /* Asset.swift in Sources */ = {isa = PBXBuildFile; fileRef = 57380E7E252F1F4100A32C52 /* Asset.swift */; };
		57380E92252F201100A32C52 /* String+Extension.swift in Sources */ = {isa = PBXBuildFile; fileRef = 57380E80252F1F4100A32C52 /* String+Extension.swift */; };
		57380EA5252FD50E00A32C52 /* Jade.swift in Sources */ = {isa = PBXBuildFile; fileRef = 57380EA4252FD50E00A32C52 /* Jade.swift */; };
		57380EA9252FD55F00A32C52 /* ArgumentParser in Frameworks */ = {isa = PBXBuildFile; productRef = 57380EA8252FD55F00A32C52 /* ArgumentParser */; };
/* End PBXBuildFile section */

/* Begin PBXCopyFilesBuildPhase section */
		57380E69252F1EAA00A32C52 /* CopyFiles */ = {
			isa = PBXCopyFilesBuildPhase;
			buildActionMask = 2147483647;
			dstPath = /usr/share/man/man1/;
			dstSubfolderSpec = 0;
			files = (
			);
			runOnlyForDeploymentPostprocessing = 1;
		};
/* End PBXCopyFilesBuildPhase section */

/* Begin PBXFileReference section */
		571A13D2252FED06007972E3 /* List.swift */ = {isa = PBXFileReference; lastKnownFileType = sourcecode.swift; path = List.swift; sourceTree = "<group>"; };
		571A13D5252FED48007972E3 /* Assets.swift */ = {isa = PBXFileReference; lastKnownFileType = sourcecode.swift; path = Assets.swift; sourceTree = "<group>"; };
		571A13DA252FEE7D007972E3 /* Version.swift */ = {isa = PBXFileReference; lastKnownFileType = sourcecode.swift; path = Version.swift; sourceTree = "<group>"; };
		571A13DE252FEF30007972E3 /* Credentials.swift */ = {isa = PBXFileReference; lastKnownFileType = sourcecode.swift; path = Credentials.swift; sourceTree = "<group>"; };
		5726A937253012340002F814 /* Data+Extension.swift */ = {isa = PBXFileReference; lastKnownFileType = sourcecode.swift; path = "Data+Extension.swift"; sourceTree = "<group>"; };
		57380E6B252F1EAA00A32C52 /* jade */ = {isa = PBXFileReference; explicitFileType = "compiled.mach-o.executable"; includeInIndex = 0; path = jade; sourceTree = BUILT_PRODUCTS_DIR; };
		57380E6E252F1EAA00A32C52 /* main.swift */ = {isa = PBXFileReference; lastKnownFileType = sourcecode.swift; path = main.swift; sourceTree = "<group>"; };
		57380E78252F1F4100A32C52 /* Download.swift */ = {isa = PBXFileReference; lastKnownFileType = sourcecode.swift; path = Download.swift; sourceTree = "<group>"; };
		57380E79252F1F4100A32C52 /* HTTP.swift */ = {isa = PBXFileReference; lastKnownFileType = sourcecode.swift; path = HTTP.swift; sourceTree = "<group>"; };
		57380E7C252F1F4100A32C52 /* DownloadLink.swift */ = {isa = PBXFileReference; lastKnownFileType = sourcecode.swift; path = DownloadLink.swift; sourceTree = "<group>"; };
		57380E7D252F1F4100A32C52 /* Release.swift */ = {isa = PBXFileReference; lastKnownFileType = sourcecode.swift; path = Release.swift; sourceTree = "<group>"; };
		57380E7E252F1F4100A32C52 /* Asset.swift */ = {isa = PBXFileReference; lastKnownFileType = sourcecode.swift; path = Asset.swift; sourceTree = "<group>"; };
		57380E80252F1F4100A32C52 /* String+Extension.swift */ = {isa = PBXFileReference; lastKnownFileType = sourcecode.swift; path = "String+Extension.swift"; sourceTree = "<group>"; };
		57380EA4252FD50E00A32C52 /* Jade.swift */ = {isa = PBXFileReference; lastKnownFileType = sourcecode.swift; path = Jade.swift; sourceTree = "<group>"; };
/* End PBXFileReference section */

/* Begin PBXFrameworksBuildPhase section */
		57380E68252F1EAA00A32C52 /* Frameworks */ = {
			isa = PBXFrameworksBuildPhase;
			buildActionMask = 2147483647;
			files = (
				57380EA9252FD55F00A32C52 /* ArgumentParser in Frameworks */,
				57380E85252F1FAE00A32C52 /* KeychainAccess in Frameworks */,
			);
			runOnlyForDeploymentPostprocessing = 0;
		};
/* End PBXFrameworksBuildPhase section */

/* Begin PBXGroup section */
		57380E62252F1EAA00A32C52 = {
			isa = PBXGroup;
			children = (
				57380E6D252F1EAA00A32C52 /* JADE */,
				57380E6C252F1EAA00A32C52 /* Products */,
			);
			sourceTree = "<group>";
		};
		57380E6C252F1EAA00A32C52 /* Products */ = {
			isa = PBXGroup;
			children = (
				57380E6B252F1EAA00A32C52 /* jade */,
			);
			name = Products;
			sourceTree = "<group>";
		};
		57380E6D252F1EAA00A32C52 /* JADE */ = {
			isa = PBXGroup;
			children = (
				57380E9F252FD47400A32C52 /* Commands */,
				57380E7F252F1F4100A32C52 /* Extensions */,
				57380E77252F1F4100A32C52 /* Helpers */,
				57380E7B252F1F4100A32C52 /* Model */,
			);
			path = JADE;
			sourceTree = "<group>";
		};
		57380E77252F1F4100A32C52 /* Helpers */ = {
			isa = PBXGroup;
			children = (
				571A13D5252FED48007972E3 /* Assets.swift */,
				57380E79252F1F4100A32C52 /* HTTP.swift */,
			);
			path = Helpers;
			sourceTree = "<group>";
		};
		57380E7B252F1F4100A32C52 /* Model */ = {
			isa = PBXGroup;
			children = (
				57380E7E252F1F4100A32C52 /* Asset.swift */,
				57380E7D252F1F4100A32C52 /* Release.swift */,
				57380E7C252F1F4100A32C52 /* DownloadLink.swift */,
			);
			path = Model;
			sourceTree = "<group>";
		};
		57380E7F252F1F4100A32C52 /* Extensions */ = {
			isa = PBXGroup;
			children = (
				5726A937253012340002F814 /* Data+Extension.swift */,
				57380E80252F1F4100A32C52 /* String+Extension.swift */,
			);
			path = Extensions;
			sourceTree = "<group>";
		};
		57380E9F252FD47400A32C52 /* Commands */ = {
			isa = PBXGroup;
			children = (
				57380E6E252F1EAA00A32C52 /* main.swift */,
				57380EA4252FD50E00A32C52 /* Jade.swift */,
				571A13DE252FEF30007972E3 /* Credentials.swift */,
				571A13D2252FED06007972E3 /* List.swift */,
				57380E78252F1F4100A32C52 /* Download.swift */,
				571A13DA252FEE7D007972E3 /* Version.swift */,
			);
			path = Commands;
			sourceTree = "<group>";
		};
/* End PBXGroup section */

/* Begin PBXNativeTarget section */
		57380E6A252F1EAA00A32C52 /* jade */ = {
			isa = PBXNativeTarget;
			buildConfigurationList = 57380E72252F1EAA00A32C52 /* Build configuration list for PBXNativeTarget "jade" */;
			buildPhases = (
				57380E67252F1EAA00A32C52 /* Sources */,
				57380E68252F1EAA00A32C52 /* Frameworks */,
				57380E69252F1EAA00A32C52 /* CopyFiles */,
				57380E87252F1FB800A32C52 /* Run SwiftLint */,
			);
			buildRules = (
			);
			dependencies = (
			);
			name = jade;
			packageProductDependencies = (
				57380E84252F1FAE00A32C52 /* KeychainAccess */,
				57380EA8252FD55F00A32C52 /* ArgumentParser */,
			);
			productName = JADE;
			productReference = 57380E6B252F1EAA00A32C52 /* jade */;
			productType = "com.apple.product-type.tool";
		};
/* End PBXNativeTarget section */

/* Begin PBXProject section */
		57380E63252F1EAA00A32C52 /* Project object */ = {
			isa = PBXProject;
			attributes = {
				LastSwiftUpdateCheck = 1220;
				LastUpgradeCheck = 1220;
				TargetAttributes = {
					57380E6A252F1EAA00A32C52 = {
						CreatedOnToolsVersion = 12.2;
					};
				};
			};
			buildConfigurationList = 57380E66252F1EAA00A32C52 /* Build configuration list for PBXProject "JADE" */;
			compatibilityVersion = "Xcode 9.3";
			developmentRegion = en;
			hasScannedForEncodings = 0;
			knownRegions = (
				en,
				Base,
			);
			mainGroup = 57380E62252F1EAA00A32C52;
			packageReferences = (
				57380E83252F1FAE00A32C52 /* XCRemoteSwiftPackageReference "KeychainAccess" */,
				57380EA7252FD55F00A32C52 /* XCRemoteSwiftPackageReference "swift-argument-parser" */,
			);
			productRefGroup = 57380E6C252F1EAA00A32C52 /* Products */;
			projectDirPath = "";
			projectRoot = "";
			targets = (
				57380E6A252F1EAA00A32C52 /* jade */,
			);
		};
/* End PBXProject section */

/* Begin PBXShellScriptBuildPhase section */
		57380E87252F1FB800A32C52 /* Run SwiftLint */ = {
			isa = PBXShellScriptBuildPhase;
			buildActionMask = 2147483647;
			files = (
			);
			inputFileListPaths = (
			);
			inputPaths = (
			);
			name = "Run SwiftLint";
			outputFileListPaths = (
			);
			outputPaths = (
			);
			runOnlyForDeploymentPostprocessing = 0;
			shellPath = "/usr/bin/env bash";
			shellScript = "if which swiftlint >/dev/null ; then\n  swiftlint\nelse\n  echo \"warning: SwiftLint not installed, download from https://github.com/realm/SwiftLint\"\nfi\n\nexit 0\n";
		};
/* End PBXShellScriptBuildPhase section */

/* Begin PBXSourcesBuildPhase section */
		57380E67252F1EAA00A32C52 /* Sources */ = {
			isa = PBXSourcesBuildPhase;
			buildActionMask = 2147483647;
			files = (
				5726A938253012340002F814 /* Data+Extension.swift in Sources */,
				57380E92252F201100A32C52 /* String+Extension.swift in Sources */,
				571A13D6252FED48007972E3 /* Assets.swift in Sources */,
				57380EA5252FD50E00A32C52 /* Jade.swift in Sources */,
				571A13DF252FEF30007972E3 /* Credentials.swift in Sources */,
				571A13D3252FED06007972E3 /* List.swift in Sources */,
				57380E90252F200A00A32C52 /* Asset.swift in Sources */,
				57380E8E252F200A00A32C52 /* HTTP.swift in Sources */,
				57380E6F252F1EAA00A32C52 /* main.swift in Sources */,
				57380E8D252F200A00A32C52 /* DownloadLink.swift in Sources */,
				57380E8C252F200A00A32C52 /* Release.swift in Sources */,
				571A13DB252FEE7D007972E3 /* Version.swift in Sources */,
				57380E8A252F1FF900A32C52 /* Download.swift in Sources */,
			);
			runOnlyForDeploymentPostprocessing = 0;
		};
/* End PBXSourcesBuildPhase section */

/* Begin XCBuildConfiguration section */
		57380E70252F1EAA00A32C52 /* Debug */ = {
			isa = XCBuildConfiguration;
			buildSettings = {
				ALWAYS_SEARCH_USER_PATHS = NO;
				CLANG_ANALYZER_NONNULL = YES;
				CLANG_ANALYZER_NUMBER_OBJECT_CONVERSION = YES_AGGRESSIVE;
				CLANG_CXX_LANGUAGE_STANDARD = "gnu++14";
				CLANG_CXX_LIBRARY = "libc++";
				CLANG_ENABLE_MODULES = YES;
				CLANG_ENABLE_OBJC_ARC = YES;
				CLANG_ENABLE_OBJC_WEAK = YES;
				CLANG_WARN_BLOCK_CAPTURE_AUTORELEASING = YES;
				CLANG_WARN_BOOL_CONVERSION = YES;
				CLANG_WARN_COMMA = YES;
				CLANG_WARN_CONSTANT_CONVERSION = YES;
				CLANG_WARN_DEPRECATED_OBJC_IMPLEMENTATIONS = YES;
				CLANG_WARN_DIRECT_OBJC_ISA_USAGE = YES_ERROR;
				CLANG_WARN_DOCUMENTATION_COMMENTS = YES;
				CLANG_WARN_EMPTY_BODY = YES;
				CLANG_WARN_ENUM_CONVERSION = YES;
				CLANG_WARN_INFINITE_RECURSION = YES;
				CLANG_WARN_INT_CONVERSION = YES;
				CLANG_WARN_NON_LITERAL_NULL_CONVERSION = YES;
				CLANG_WARN_OBJC_IMPLICIT_RETAIN_SELF = YES;
				CLANG_WARN_OBJC_LITERAL_CONVERSION = YES;
				CLANG_WARN_OBJC_ROOT_CLASS = YES_ERROR;
				CLANG_WARN_QUOTED_INCLUDE_IN_FRAMEWORK_HEADER = YES;
				CLANG_WARN_RANGE_LOOP_ANALYSIS = YES;
				CLANG_WARN_STRICT_PROTOTYPES = YES;
				CLANG_WARN_SUSPICIOUS_MOVE = YES;
				CLANG_WARN_UNGUARDED_AVAILABILITY = YES_AGGRESSIVE;
				CLANG_WARN_UNREACHABLE_CODE = YES;
				CLANG_WARN__DUPLICATE_METHOD_MATCH = YES;
				COPY_PHASE_STRIP = NO;
				DEBUG_INFORMATION_FORMAT = dwarf;
				ENABLE_STRICT_OBJC_MSGSEND = YES;
				ENABLE_TESTABILITY = YES;
				GCC_C_LANGUAGE_STANDARD = gnu11;
				GCC_DYNAMIC_NO_PIC = NO;
				GCC_NO_COMMON_BLOCKS = YES;
				GCC_OPTIMIZATION_LEVEL = 0;
				GCC_PREPROCESSOR_DEFINITIONS = (
					"DEBUG=1",
					"$(inherited)",
				);
				GCC_WARN_64_TO_32_BIT_CONVERSION = YES;
				GCC_WARN_ABOUT_RETURN_TYPE = YES_ERROR;
				GCC_WARN_UNDECLARED_SELECTOR = YES;
				GCC_WARN_UNINITIALIZED_AUTOS = YES_AGGRESSIVE;
				GCC_WARN_UNUSED_FUNCTION = YES;
				GCC_WARN_UNUSED_VARIABLE = YES;
				MACOSX_DEPLOYMENT_TARGET = 10.10;
				MTL_ENABLE_DEBUG_INFO = INCLUDE_SOURCE;
				MTL_FAST_MATH = YES;
				ONLY_ACTIVE_ARCH = YES;
				SDKROOT = macosx;
				SWIFT_ACTIVE_COMPILATION_CONDITIONS = DEBUG;
				SWIFT_OPTIMIZATION_LEVEL = "-Onone";
			};
			name = Debug;
		};
		57380E71252F1EAA00A32C52 /* Release */ = {
			isa = XCBuildConfiguration;
			buildSettings = {
				ALWAYS_SEARCH_USER_PATHS = NO;
				CLANG_ANALYZER_NONNULL = YES;
				CLANG_ANALYZER_NUMBER_OBJECT_CONVERSION = YES_AGGRESSIVE;
				CLANG_CXX_LANGUAGE_STANDARD = "gnu++14";
				CLANG_CXX_LIBRARY = "libc++";
				CLANG_ENABLE_MODULES = YES;
				CLANG_ENABLE_OBJC_ARC = YES;
				CLANG_ENABLE_OBJC_WEAK = YES;
				CLANG_WARN_BLOCK_CAPTURE_AUTORELEASING = YES;
				CLANG_WARN_BOOL_CONVERSION = YES;
				CLANG_WARN_COMMA = YES;
				CLANG_WARN_CONSTANT_CONVERSION = YES;
				CLANG_WARN_DEPRECATED_OBJC_IMPLEMENTATIONS = YES;
				CLANG_WARN_DIRECT_OBJC_ISA_USAGE = YES_ERROR;
				CLANG_WARN_DOCUMENTATION_COMMENTS = YES;
				CLANG_WARN_EMPTY_BODY = YES;
				CLANG_WARN_ENUM_CONVERSION = YES;
				CLANG_WARN_INFINITE_RECURSION = YES;
				CLANG_WARN_INT_CONVERSION = YES;
				CLANG_WARN_NON_LITERAL_NULL_CONVERSION = YES;
				CLANG_WARN_OBJC_IMPLICIT_RETAIN_SELF = YES;
				CLANG_WARN_OBJC_LITERAL_CONVERSION = YES;
				CLANG_WARN_OBJC_ROOT_CLASS = YES_ERROR;
				CLANG_WARN_QUOTED_INCLUDE_IN_FRAMEWORK_HEADER = YES;
				CLANG_WARN_RANGE_LOOP_ANALYSIS = YES;
				CLANG_WARN_STRICT_PROTOTYPES = YES;
				CLANG_WARN_SUSPICIOUS_MOVE = YES;
				CLANG_WARN_UNGUARDED_AVAILABILITY = YES_AGGRESSIVE;
				CLANG_WARN_UNREACHABLE_CODE = YES;
				CLANG_WARN__DUPLICATE_METHOD_MATCH = YES;
				COPY_PHASE_STRIP = NO;
				DEBUG_INFORMATION_FORMAT = "dwarf-with-dsym";
				ENABLE_NS_ASSERTIONS = NO;
				ENABLE_STRICT_OBJC_MSGSEND = YES;
				GCC_C_LANGUAGE_STANDARD = gnu11;
				GCC_NO_COMMON_BLOCKS = YES;
				GCC_WARN_64_TO_32_BIT_CONVERSION = YES;
				GCC_WARN_ABOUT_RETURN_TYPE = YES_ERROR;
				GCC_WARN_UNDECLARED_SELECTOR = YES;
				GCC_WARN_UNINITIALIZED_AUTOS = YES_AGGRESSIVE;
				GCC_WARN_UNUSED_FUNCTION = YES;
				GCC_WARN_UNUSED_VARIABLE = YES;
				MACOSX_DEPLOYMENT_TARGET = 10.10;
				MTL_ENABLE_DEBUG_INFO = NO;
				MTL_FAST_MATH = YES;
				SDKROOT = macosx;
				SWIFT_COMPILATION_MODE = wholemodule;
				SWIFT_OPTIMIZATION_LEVEL = "-O";
			};
			name = Release;
		};
		57380E73252F1EAA00A32C52 /* Debug */ = {
			isa = XCBuildConfiguration;
			buildSettings = {
				CODE_SIGN_STYLE = Automatic;
				DEVELOPMENT_TEAM = 7K3HVCLV7Z;
				ENABLE_HARDENED_RUNTIME = YES;
				PRODUCT_NAME = "$(TARGET_NAME)";
				SWIFT_VERSION = 5.0;
			};
			name = Debug;
		};
		57380E74252F1EAA00A32C52 /* Release */ = {
			isa = XCBuildConfiguration;
			buildSettings = {
				CODE_SIGN_STYLE = Automatic;
				DEVELOPMENT_TEAM = 7K3HVCLV7Z;
				ENABLE_HARDENED_RUNTIME = YES;
				PRODUCT_NAME = "$(TARGET_NAME)";
				SWIFT_VERSION = 5.0;
			};
			name = Release;
		};
/* End XCBuildConfiguration section */

/* Begin XCConfigurationList section */
		57380E66252F1EAA00A32C52 /* Build configuration list for PBXProject "JADE" */ = {
			isa = XCConfigurationList;
			buildConfigurations = (
				57380E70252F1EAA00A32C52 /* Debug */,
				57380E71252F1EAA00A32C52 /* Release */,
			);
			defaultConfigurationIsVisible = 0;
			defaultConfigurationName = Release;
		};
		57380E72252F1EAA00A32C52 /* Build configuration list for PBXNativeTarget "jade" */ = {
			isa = XCConfigurationList;
			buildConfigurations = (
				57380E73252F1EAA00A32C52 /* Debug */,
				57380E74252F1EAA00A32C52 /* Release */,
			);
			defaultConfigurationIsVisible = 0;
			defaultConfigurationName = Release;
		};
/* End XCConfigurationList section */

/* Begin XCRemoteSwiftPackageReference section */
		57380E83252F1FAE00A32C52 /* XCRemoteSwiftPackageReference "KeychainAccess" */ = {
			isa = XCRemoteSwiftPackageReference;
			repositoryURL = "https://github.com/kishikawakatsumi/KeychainAccess";
			requirement = {
				kind = upToNextMajorVersion;
				minimumVersion = 4.2.1;
			};
		};
		57380EA7252FD55F00A32C52 /* XCRemoteSwiftPackageReference "swift-argument-parser" */ = {
			isa = XCRemoteSwiftPackageReference;
			repositoryURL = "https://github.com/apple/swift-argument-parser";
			requirement = {
				kind = upToNextMajorVersion;
				minimumVersion = 0.3.1;
			};
		};
/* End XCRemoteSwiftPackageReference section */

/* Begin XCSwiftPackageProductDependency section */
		57380E84252F1FAE00A32C52 /* KeychainAccess */ = {
			isa = XCSwiftPackageProductDependency;
			package = 57380E83252F1FAE00A32C52 /* XCRemoteSwiftPackageReference "KeychainAccess" */;
			productName = KeychainAccess;
		};
		57380EA8252FD55F00A32C52 /* ArgumentParser */ = {
			isa = XCSwiftPackageProductDependency;
			package = 57380EA7252FD55F00A32C52 /* XCRemoteSwiftPackageReference "swift-argument-parser" */;
			productName = ArgumentParser;
		};
/* End XCSwiftPackageProductDependency section */
	};
	rootObject = 57380E63252F1EAA00A32C52 /* Project object */;
}
